
Microsoft Visual Studio Solution File, Format Version 12.00
# Visual Studio 2012
Project("{FAE04EC0-301F-11D3-BF4B-00C04F79EFBC}") = "CS.Services", "CS.Services\CS.Services.csproj", "{9611C81C-87AD-4C30-AF32-D5CC68499879}"
EndProject
Project("{FAE04EC0-301F-11D3-BF4B-00C04F79EFBC}") = "CS.Data", "CS.Data\CS.Data.csproj", "{EDEB0580-4520-4290-9B65-AE83D5EE202F}"
EndProject
Project("{FAE04EC0-301F-11D3-BF4B-00C04F79EFBC}") = "CS.EF", "CS.EF\CS.EF.csproj", "{7A4BBB87-AF9C-4CD1-8EA7-32431AF0A370}"
EndProject
Project("{FAE04EC0-301F-11D3-BF4B-00C04F79EFBC}") = "CS.CRUDAPI", "CS.CRUDAPI\CS.CRUDAPI.csproj", "{EFD124E4-48A4-4503-A27D-29C8014D3659}"
EndProject
Project("{FAE04EC0-301F-11D3-BF4B-00C04F79EFBC}") = "Caly.Common", "Caly.Common\Caly.Common.csproj", "{6647CF91-04AB-4B47-999F-37892A7DE970}"
EndProject
Project("{FAE04EC0-301F-11D3-BF4B-00C04F79EFBC}") = "CS.BL", "CS.BL\CS.BL.csproj", "{85D884A2-8B65-40A7-9817-0A005CD44DC3}"
EndProject
Project("{FAE04EC0-301F-11D3-BF4B-00C04F79EFBC}") = "CS.Excel", "CS.Excel\CS.Excel.csproj", "{17060745-64A2-47C5-BEC8-B82F99E44998}"
EndProject
Project("{FAE04EC0-301F-11D3-BF4B-00C04F79EFBC}") = "CS.Excel.Tests", "CS.Excel.Tests\CS.Excel.Tests.csproj", "{8D59ECB7-A337-4243-9E4D-589D298673DC}"
EndProject
Project("{2150E333-8FDC-42A3-9474-1A3956D46DE8}") = "Tests", "Tests", "{30DEA251-738F-4379-AA8F-F3B8EE6F8D31}"
EndProject
Project("{FAE04EC0-301F-11D3-BF4B-00C04F79EFBC}") = "CS.ImportExportWeb", "CS.ImportExportWeb\CS.ImportExportWeb.csproj", "{1C8A5C82-9844-4DFD-81CE-AB62F46E5C9C}"
EndProject
Global
	GlobalSection(SolutionConfigurationPlatforms) = preSolution
		Debug|Any CPU = Debug|Any CPU
		Release|Any CPU = Release|Any CPU
	EndGlobalSection
	GlobalSection(ProjectConfigurationPlatforms) = postSolution
		{CC1CC192-8C5C-457C-802E-1DE8CD1256B5}.Debug|Any CPU.ActiveCfg = Debug|Any CPU
		{CC1CC192-8C5C-457C-802E-1DE8CD1256B5}.Debug|Any CPU.Build.0 = Debug|Any CPU
		{CC1CC192-8C5C-457C-802E-1DE8CD1256B5}.Release|Any CPU.ActiveCfg = Release|Any CPU
		{CC1CC192-8C5C-457C-802E-1DE8CD1256B5}.Release|Any CPU.Build.0 = Release|Any CPU
		{9611C81C-87AD-4C30-AF32-D5CC68499879}.Debug|Any CPU.ActiveCfg = Debug|Any CPU
		{9611C81C-87AD-4C30-AF32-D5CC68499879}.Debug|Any CPU.Build.0 = Debug|Any CPU
		{9611C81C-87AD-4C30-AF32-D5CC68499879}.Release|Any CPU.ActiveCfg = Release|Any CPU
		{9611C81C-87AD-4C30-AF32-D5CC68499879}.Release|Any CPU.Build.0 = Release|Any CPU
		{EDEB0580-4520-4290-9B65-AE83D5EE202F}.Debug|Any CPU.ActiveCfg = Debug|Any CPU
		{EDEB0580-4520-4290-9B65-AE83D5EE202F}.Debug|Any CPU.Build.0 = Debug|Any CPU
		{EDEB0580-4520-4290-9B65-AE83D5EE202F}.Release|Any CPU.ActiveCfg = Release|Any CPU
		{EDEB0580-4520-4290-9B65-AE83D5EE202F}.Release|Any CPU.Build.0 = Release|Any CPU
		{7A4BBB87-AF9C-4CD1-8EA7-32431AF0A370}.Debug|Any CPU.ActiveCfg = Debug|Any CPU
		{7A4BBB87-AF9C-4CD1-8EA7-32431AF0A370}.Debug|Any CPU.Build.0 = Debug|Any CPU
		{7A4BBB87-AF9C-4CD1-8EA7-32431AF0A370}.Release|Any CPU.ActiveCfg = Release|Any CPU
		{7A4BBB87-AF9C-4CD1-8EA7-32431AF0A370}.Release|Any CPU.Build.0 = Release|Any CPU
		{EFD124E4-48A4-4503-A27D-29C8014D3659}.Debug|Any CPU.ActiveCfg = Debug|Any CPU
		{EFD124E4-48A4-4503-A27D-29C8014D3659}.Debug|Any CPU.Build.0 = Debug|Any CPU
		{EFD124E4-48A4-4503-A27D-29C8014D3659}.Release|Any CPU.ActiveCfg = Release|Any CPU
		{EFD124E4-48A4-4503-A27D-29C8014D3659}.Release|Any CPU.Build.0 = Release|Any CPU
		{6647CF91-04AB-4B47-999F-37892A7DE970}.Debug|Any CPU.ActiveCfg = Debug|Any CPU
		{6647CF91-04AB-4B47-999F-37892A7DE970}.Debug|Any CPU.Build.0 = Debug|Any CPU
		{6647CF91-04AB-4B47-999F-37892A7DE970}.Release|Any CPU.ActiveCfg = Release|Any CPU
		{6647CF91-04AB-4B47-999F-37892A7DE970}.Release|Any CPU.Build.0 = Release|Any CPU
		{85D884A2-8B65-40A7-9817-0A005CD44DC3}.Debug|Any CPU.ActiveCfg = Debug|Any CPU
		{85D884A2-8B65-40A7-9817-0A005CD44DC3}.Debug|Any CPU.Build.0 = Debug|Any CPU
		{85D884A2-8B65-40A7-9817-0A005CD44DC3}.Release|Any CPU.ActiveCfg = Release|Any CPU
		{85D884A2-8B65-40A7-9817-0A005CD44DC3}.Release|Any CPU.Build.0 = Release|Any CPU
		{17060745-64A2-47C5-BEC8-B82F99E44998}.Debug|Any CPU.ActiveCfg = Debug|Any CPU
		{17060745-64A2-47C5-BEC8-B82F99E44998}.Debug|Any CPU.Build.0 = Debug|Any CPU
		{17060745-64A2-47C5-BEC8-B82F99E44998}.Release|Any CPU.ActiveCfg = Release|Any CPU
		{17060745-64A2-47C5-BEC8-B82F99E44998}.Release|Any CPU.Build.0 = Release|Any CPU
		{8D59ECB7-A337-4243-9E4D-589D298673DC}.Debug|Any CPU.ActiveCfg = Debug|Any CPU
		{8D59ECB7-A337-4243-9E4D-589D298673DC}.Debug|Any CPU.Build.0 = Debug|Any CPU
		{8D59ECB7-A337-4243-9E4D-589D298673DC}.Release|Any CPU.ActiveCfg = Release|Any CPU
		{8D59ECB7-A337-4243-9E4D-589D298673DC}.Release|Any CPU.Build.0 = Release|Any CPU
		{1C8A5C82-9844-4DFD-81CE-AB62F46E5C9C}.Debug|Any CPU.ActiveCfg = Debug|Any CPU
		{1C8A5C82-9844-4DFD-81CE-AB62F46E5C9C}.Debug|Any CPU.Build.0 = Debug|Any CPU
		{1C8A5C82-9844-4DFD-81CE-AB62F46E5C9C}.Release|Any CPU.ActiveCfg = Release|Any CPU
		{1C8A5C82-9844-4DFD-81CE-AB62F46E5C9C}.Release|Any CPU.Build.0 = Release|Any CPU
	EndGlobalSection
	GlobalSection(NestedProjects) = preSolution
		{8D59ECB7-A337-4243-9E4D-589D298673DC} = {30DEA251-738F-4379-AA8F-F3B8EE6F8D31}
	EndGlobalSection
EndGlobal
