
Microsoft Visual Studio Solution File, Format Version 12.00
# Visual Studio 2012
Project("{FAE04EC0-301F-11D3-BF4B-00C04F79EFBC}") = "CS.Services", "CS.Services\CS.Services.csproj", "{9611C81C-87AD-4C30-AF32-D5CC68499879}"
EndProject
Project("{FAE04EC0-301F-11D3-BF4B-00C04F79EFBC}") = "CS.Data", "CS.Data\CS.Data.csproj", "{EDEB0580-4520-4290-9B65-AE83D5EE202F}"
EndProject
Project("{FAE04EC0-301F-11D3-BF4B-00C04F79EFBC}") = "CS.EF", "CS.EF\CS.EF.csproj", "{7A4BBB87-AF9C-4CD1-8EA7-32431AF0A370}"
EndProject
Project("{FAE04EC0-301F-11D3-BF4B-00C04F79EFBC}") = "Caly.Common", "Caly.Common\Caly.Common.csproj", "{6647CF91-04AB-4B47-999F-37892A7DE970}"
EndProject
Project("{FAE04EC0-301F-11D3-BF4B-00C04F79EFBC}") = "CS.Excel", "CS.Excel\CS.Excel.csproj", "{17060745-64A2-47C5-BEC8-B82F99E44998}"
EndProject
Project("{2150E333-8FDC-42A3-9474-1A3956D46DE8}") = "Tests", "Tests", "{30DEA251-738F-4379-AA8F-F3B8EE6F8D31}"
EndProject
Project("{FAE04EC0-301F-11D3-BF4B-00C04F79EFBC}") = "CS.ImportExportWeb", "CS.ImportExportWeb\CS.ImportExportWeb.csproj", "{1C8A5C82-9844-4DFD-81CE-AB62F46E5C9C}"
EndProject
Project("{FAE04EC0-301F-11D3-BF4B-00C04F79EFBC}") = "CS.DXF", "CS.DXF\CS.DXF.csproj", "{0A185743-8FF7-43A0-B185-B91DA23D13E3}"
EndProject
Project("{FAE04EC0-301F-11D3-BF4B-00C04F79EFBC}") = "CS.Templating", "CS.Templating\CS.Templating.csproj", "{44CB8B94-0F3F-420C-A167-FF996706329F}"
EndProject
Project("{2150E333-8FDC-42A3-9474-1A3956D46DE8}") = "Templates", "Templates", "{1FA3D82F-9DC4-4D11-89D2-7BA48CB1B5AC}"
EndProject
Project("{FAE04EC0-301F-11D3-BF4B-00C04F79EFBC}") = "CS.CadGen", "CS.CadGen\CS.CadGen.csproj", "{F869D20D-DDC0-4C3C-A7E3-8CD60B027821}"
EndProject
Project("{FAE04EC0-301F-11D3-BF4B-00C04F79EFBC}") = "Caly.Dropbox", "Caly.Dropbox\Caly.Dropbox.csproj", "{AF6DB800-F9A2-4621-87B4-DBF8D5C1FC6F}"
EndProject
Project("{FAE04EC0-301F-11D3-BF4B-00C04F79EFBC}") = "CS.Tests", "CS.Tests\CS.Tests.csproj", "{98F156FB-E8E4-457D-9619-8DCB75A6183E}"
EndProject
Project("{9344BDBB-3E7F-41FC-A0DD-8665D75EE146}") = "CS.Excel.Tests", "CS.Excel.Tests\CS.Excel.Tests.csproj", "{C5F816AE-EC0D-4D46-BF1C-704892D60541}"
EndProject
Project("{9344BDBB-3E7F-41FC-A0DD-8665D75EE146}") = "CS.CRUDAPI", "CS.CRUDAPI\CS.CRUDAPI.csproj", "{DE3C4AC2-6CDA-4967-B7FD-42AF6FE6FC9D}"
EndProject
Project("{FAE04EC0-301F-11D3-BF4B-00C04F79EFBC}") = "CS.PDF", "CS.PDF\CS.PDF.csproj", "{5B45773E-142C-49E9-9800-A4AA3A324C76}"
EndProject
Global
	GlobalSection(SolutionConfigurationPlatforms) = preSolution
		Debug|Any CPU = Debug|Any CPU
		Release|Any CPU = Release|Any CPU
	EndGlobalSection
	GlobalSection(ProjectConfigurationPlatforms) = postSolution
		{CC1CC192-8C5C-457C-802E-1DE8CD1256B5}.Debug|Any CPU.ActiveCfg = Debug|Any CPU
		{CC1CC192-8C5C-457C-802E-1DE8CD1256B5}.Debug|Any CPU.Build.0 = Debug|Any CPU
		{CC1CC192-8C5C-457C-802E-1DE8CD1256B5}.Release|Any CPU.ActiveCfg = Release|Any CPU
		{CC1CC192-8C5C-457C-802E-1DE8CD1256B5}.Release|Any CPU.Build.0 = Release|Any CPU
		{9611C81C-87AD-4C30-AF32-D5CC68499879}.Debug|Any CPU.ActiveCfg = Debug|Any CPU
		{9611C81C-87AD-4C30-AF32-D5CC68499879}.Debug|Any CPU.Build.0 = Debug|Any CPU
		{9611C81C-87AD-4C30-AF32-D5CC68499879}.Release|Any CPU.ActiveCfg = Release|Any CPU
		{9611C81C-87AD-4C30-AF32-D5CC68499879}.Release|Any CPU.Build.0 = Release|Any CPU
		{EDEB0580-4520-4290-9B65-AE83D5EE202F}.Debug|Any CPU.ActiveCfg = Debug|Any CPU
		{EDEB0580-4520-4290-9B65-AE83D5EE202F}.Debug|Any CPU.Build.0 = Debug|Any CPU
		{EDEB0580-4520-4290-9B65-AE83D5EE202F}.Release|Any CPU.ActiveCfg = Release|Any CPU
		{EDEB0580-4520-4290-9B65-AE83D5EE202F}.Release|Any CPU.Build.0 = Release|Any CPU
		{7A4BBB87-AF9C-4CD1-8EA7-32431AF0A370}.Debug|Any CPU.ActiveCfg = Debug|Any CPU
		{7A4BBB87-AF9C-4CD1-8EA7-32431AF0A370}.Debug|Any CPU.Build.0 = Debug|Any CPU
		{7A4BBB87-AF9C-4CD1-8EA7-32431AF0A370}.Release|Any CPU.ActiveCfg = Release|Any CPU
		{7A4BBB87-AF9C-4CD1-8EA7-32431AF0A370}.Release|Any CPU.Build.0 = Release|Any CPU
		{6647CF91-04AB-4B47-999F-37892A7DE970}.Debug|Any CPU.ActiveCfg = Debug|Any CPU
		{6647CF91-04AB-4B47-999F-37892A7DE970}.Debug|Any CPU.Build.0 = Debug|Any CPU
		{6647CF91-04AB-4B47-999F-37892A7DE970}.Release|Any CPU.ActiveCfg = Release|Any CPU
		{6647CF91-04AB-4B47-999F-37892A7DE970}.Release|Any CPU.Build.0 = Release|Any CPU
		{17060745-64A2-47C5-BEC8-B82F99E44998}.Debug|Any CPU.ActiveCfg = Debug|Any CPU
		{17060745-64A2-47C5-BEC8-B82F99E44998}.Debug|Any CPU.Build.0 = Debug|Any CPU
		{17060745-64A2-47C5-BEC8-B82F99E44998}.Release|Any CPU.ActiveCfg = Release|Any CPU
		{17060745-64A2-47C5-BEC8-B82F99E44998}.Release|Any CPU.Build.0 = Release|Any CPU
		{1C8A5C82-9844-4DFD-81CE-AB62F46E5C9C}.Debug|Any CPU.ActiveCfg = Debug|Any CPU
		{1C8A5C82-9844-4DFD-81CE-AB62F46E5C9C}.Debug|Any CPU.Build.0 = Debug|Any CPU
		{1C8A5C82-9844-4DFD-81CE-AB62F46E5C9C}.Release|Any CPU.ActiveCfg = Release|Any CPU
		{1C8A5C82-9844-4DFD-81CE-AB62F46E5C9C}.Release|Any CPU.Build.0 = Release|Any CPU
		{0A185743-8FF7-43A0-B185-B91DA23D13E3}.Debug|Any CPU.ActiveCfg = Debug|Any CPU
		{0A185743-8FF7-43A0-B185-B91DA23D13E3}.Debug|Any CPU.Build.0 = Debug|Any CPU
		{0A185743-8FF7-43A0-B185-B91DA23D13E3}.Release|Any CPU.ActiveCfg = Release|Any CPU
		{0A185743-8FF7-43A0-B185-B91DA23D13E3}.Release|Any CPU.Build.0 = Release|Any CPU
		{44CB8B94-0F3F-420C-A167-FF996706329F}.Debug|Any CPU.ActiveCfg = Debug|Any CPU
		{44CB8B94-0F3F-420C-A167-FF996706329F}.Debug|Any CPU.Build.0 = Debug|Any CPU
		{44CB8B94-0F3F-420C-A167-FF996706329F}.Release|Any CPU.ActiveCfg = Release|Any CPU
		{44CB8B94-0F3F-420C-A167-FF996706329F}.Release|Any CPU.Build.0 = Release|Any CPU
		{F869D20D-DDC0-4C3C-A7E3-8CD60B027821}.Debug|Any CPU.ActiveCfg = Debug|Any CPU
		{F869D20D-DDC0-4C3C-A7E3-8CD60B027821}.Debug|Any CPU.Build.0 = Debug|Any CPU
		{F869D20D-DDC0-4C3C-A7E3-8CD60B027821}.Release|Any CPU.ActiveCfg = Release|Any CPU
		{F869D20D-DDC0-4C3C-A7E3-8CD60B027821}.Release|Any CPU.Build.0 = Release|Any CPU
		{AF6DB800-F9A2-4621-87B4-DBF8D5C1FC6F}.Debug|Any CPU.ActiveCfg = Debug|Any CPU
		{AF6DB800-F9A2-4621-87B4-DBF8D5C1FC6F}.Debug|Any CPU.Build.0 = Debug|Any CPU
		{AF6DB800-F9A2-4621-87B4-DBF8D5C1FC6F}.Release|Any CPU.ActiveCfg = Release|Any CPU
		{AF6DB800-F9A2-4621-87B4-DBF8D5C1FC6F}.Release|Any CPU.Build.0 = Release|Any CPU
		{98F156FB-E8E4-457D-9619-8DCB75A6183E}.Debug|Any CPU.ActiveCfg = Debug|Any CPU
		{98F156FB-E8E4-457D-9619-8DCB75A6183E}.Debug|Any CPU.Build.0 = Debug|Any CPU
		{98F156FB-E8E4-457D-9619-8DCB75A6183E}.Release|Any CPU.ActiveCfg = Release|Any CPU
		{98F156FB-E8E4-457D-9619-8DCB75A6183E}.Release|Any CPU.Build.0 = Release|Any CPU
		{C5F816AE-EC0D-4D46-BF1C-704892D60541}.Debug|Any CPU.ActiveCfg = Debug|Any CPU
		{C5F816AE-EC0D-4D46-BF1C-704892D60541}.Debug|Any CPU.Build.0 = Debug|Any CPU
		{C5F816AE-EC0D-4D46-BF1C-704892D60541}.Release|Any CPU.ActiveCfg = Release|Any CPU
		{C5F816AE-EC0D-4D46-BF1C-704892D60541}.Release|Any CPU.Build.0 = Release|Any CPU
		{DE3C4AC2-6CDA-4967-B7FD-42AF6FE6FC9D}.Debug|Any CPU.ActiveCfg = Debug|Any CPU
		{DE3C4AC2-6CDA-4967-B7FD-42AF6FE6FC9D}.Debug|Any CPU.Build.0 = Debug|Any CPU
		{DE3C4AC2-6CDA-4967-B7FD-42AF6FE6FC9D}.Release|Any CPU.ActiveCfg = Release|Any CPU
		{DE3C4AC2-6CDA-4967-B7FD-42AF6FE6FC9D}.Release|Any CPU.Build.0 = Release|Any CPU
		{5B45773E-142C-49E9-9800-A4AA3A324C76}.Debug|Any CPU.ActiveCfg = Debug|Any CPU
		{5B45773E-142C-49E9-9800-A4AA3A324C76}.Debug|Any CPU.Build.0 = Debug|Any CPU
		{5B45773E-142C-49E9-9800-A4AA3A324C76}.Release|Any CPU.ActiveCfg = Release|Any CPU
		{5B45773E-142C-49E9-9800-A4AA3A324C76}.Release|Any CPU.Build.0 = Release|Any CPU
	EndGlobalSection
	GlobalSection(NestedProjects) = preSolution
		{98F156FB-E8E4-457D-9619-8DCB75A6183E} = {30DEA251-738F-4379-AA8F-F3B8EE6F8D31}
		{C5F816AE-EC0D-4D46-BF1C-704892D60541} = {30DEA251-738F-4379-AA8F-F3B8EE6F8D31}
	EndGlobalSection
EndGlobal
